// !$*UTF8*$!
{
	archiveVersion = 1;
	classes = {
	};
	objectVersion = 55;
	objects = {

/* Begin PBXBuildFile section */
		958E203C275524A5000EE6A3 /* AppDelegate.swift in Sources */ = {isa = PBXBuildFile; fileRef = 958E203B275524A5000EE6A3 /* AppDelegate.swift */; };
		958E203E275524A5000EE6A3 /* SceneDelegate.swift in Sources */ = {isa = PBXBuildFile; fileRef = 958E203D275524A5000EE6A3 /* SceneDelegate.swift */; };
		958E2045275524A7000EE6A3 /* Assets.xcassets in Resources */ = {isa = PBXBuildFile; fileRef = 958E2044275524A7000EE6A3 /* Assets.xcassets */; };
		958E2048275524A7000EE6A3 /* LaunchScreen.storyboard in Resources */ = {isa = PBXBuildFile; fileRef = 958E2046275524A7000EE6A3 /* LaunchScreen.storyboard */; };
		958E205027552586000EE6A3 /* AnnaViewController.swift in Sources */ = {isa = PBXBuildFile; fileRef = 958E204F27552586000EE6A3 /* AnnaViewController.swift */; };
		958E2052275525FC000EE6A3 /* AnnaStoryboard.storyboard in Resources */ = {isa = PBXBuildFile; fileRef = 958E2051275525FC000EE6A3 /* AnnaStoryboard.storyboard */; };
		958E205427553000000EE6A3 /* anna2Storyboard.storyboard in Resources */ = {isa = PBXBuildFile; fileRef = 958E205327553000000EE6A3 /* anna2Storyboard.storyboard */; };
		958E205627553026000EE6A3 /* anna2ViewController.swift in Sources */ = {isa = PBXBuildFile; fileRef = 958E205527553026000EE6A3 /* anna2ViewController.swift */; };
/* End PBXBuildFile section */

/* Begin PBXFileReference section */
		958E2038275524A5000EE6A3 /* storyboardtest.app */ = {isa = PBXFileReference; explicitFileType = wrapper.application; includeInIndex = 0; path = storyboardtest.app; sourceTree = BUILT_PRODUCTS_DIR; };
		958E203B275524A5000EE6A3 /* AppDelegate.swift */ = {isa = PBXFileReference; lastKnownFileType = sourcecode.swift; path = AppDelegate.swift; sourceTree = "<group>"; };
		958E203D275524A5000EE6A3 /* SceneDelegate.swift */ = {isa = PBXFileReference; lastKnownFileType = sourcecode.swift; path = SceneDelegate.swift; sourceTree = "<group>"; };
		958E2044275524A7000EE6A3 /* Assets.xcassets */ = {isa = PBXFileReference; lastKnownFileType = folder.assetcatalog; path = Assets.xcassets; sourceTree = "<group>"; };
		958E2047275524A7000EE6A3 /* Base */ = {isa = PBXFileReference; lastKnownFileType = file.storyboard; name = Base; path = Base.lproj/LaunchScreen.storyboard; sourceTree = "<group>"; };
		958E2049275524A7000EE6A3 /* Info.plist */ = {isa = PBXFileReference; lastKnownFileType = text.plist.xml; path = Info.plist; sourceTree = "<group>"; };
		958E204F27552586000EE6A3 /* AnnaViewController.swift */ = {isa = PBXFileReference; lastKnownFileType = sourcecode.swift; path = AnnaViewController.swift; sourceTree = "<group>"; };
		958E2051275525FC000EE6A3 /* AnnaStoryboard.storyboard */ = {isa = PBXFileReference; lastKnownFileType = file.storyboard; path = AnnaStoryboard.storyboard; sourceTree = "<group>"; };
		958E205327553000000EE6A3 /* anna2Storyboard.storyboard */ = {isa = PBXFileReference; lastKnownFileType = file.storyboard; path = anna2Storyboard.storyboard; sourceTree = "<group>"; };
		958E205527553026000EE6A3 /* anna2ViewController.swift */ = {isa = PBXFileReference; lastKnownFileType = sourcecode.swift; path = anna2ViewController.swift; sourceTree = "<group>"; };
/* End PBXFileReference section */

/* Begin PBXFrameworksBuildPhase section */
		958E2035275524A5000EE6A3 /* Frameworks */ = {
			isa = PBXFrameworksBuildPhase;
			buildActionMask = 2147483647;
			files = (
			);
			runOnlyForDeploymentPostprocessing = 0;
		};
/* End PBXFrameworksBuildPhase section */

/* Begin PBXGroup section */
		958E202F275524A4000EE6A3 = {
			isa = PBXGroup;
			children = (
				958E203A275524A5000EE6A3 /* storyboardtest */,
				958E2039275524A5000EE6A3 /* Products */,
			);
			sourceTree = "<group>";
		};
		958E2039275524A5000EE6A3 /* Products */ = {
			isa = PBXGroup;
			children = (
				958E2038275524A5000EE6A3 /* storyboardtest.app */,
			);
			name = Products;
			sourceTree = "<group>";
		};
		958E203A275524A5000EE6A3 /* storyboardtest */ = {
			isa = PBXGroup;
			children = (
				958E203B275524A5000EE6A3 /* AppDelegate.swift */,
				958E203D275524A5000EE6A3 /* SceneDelegate.swift */,
				958E204F27552586000EE6A3 /* AnnaViewController.swift */,
				958E2051275525FC000EE6A3 /* AnnaStoryboard.storyboard */,
				958E205327553000000EE6A3 /* anna2Storyboard.storyboard */,
				958E205527553026000EE6A3 /* anna2ViewController.swift */,
				958E2044275524A7000EE6A3 /* Assets.xcassets */,
				958E2046275524A7000EE6A3 /* LaunchScreen.storyboard */,
				958E2049275524A7000EE6A3 /* Info.plist */,
			);
			path = storyboardtest;
			sourceTree = "<group>";
		};
/* End PBXGroup section */

/* Begin PBXNativeTarget section */
		958E2037275524A5000EE6A3 /* storyboardtest */ = {
			isa = PBXNativeTarget;
			buildConfigurationList = 958E204C275524A7000EE6A3 /* Build configuration list for PBXNativeTarget "storyboardtest" */;
			buildPhases = (
				958E2034275524A5000EE6A3 /* Sources */,
				958E2035275524A5000EE6A3 /* Frameworks */,
				958E2036275524A5000EE6A3 /* Resources */,
			);
			buildRules = (
			);
			dependencies = (
			);
			name = storyboardtest;
			productName = storyboardtest;
			productReference = 958E2038275524A5000EE6A3 /* storyboardtest.app */;
			productType = "com.apple.product-type.application";
		};
/* End PBXNativeTarget section */

/* Begin PBXProject section */
		958E2030275524A4000EE6A3 /* Project object */ = {
			isa = PBXProject;
			attributes = {
				BuildIndependentTargetsInParallel = 1;
				LastSwiftUpdateCheck = 1300;
				LastUpgradeCheck = 1300;
				TargetAttributes = {
					958E2037275524A5000EE6A3 = {
						CreatedOnToolsVersion = 13.0;
					};
				};
			};
			buildConfigurationList = 958E2033275524A4000EE6A3 /* Build configuration list for PBXProject "storyboardtest" */;
			compatibilityVersion = "Xcode 13.0";
			developmentRegion = en;
			hasScannedForEncodings = 0;
			knownRegions = (
				en,
				Base,
			);
			mainGroup = 958E202F275524A4000EE6A3;
			productRefGroup = 958E2039275524A5000EE6A3 /* Products */;
			projectDirPath = "";
			projectRoot = "";
			targets = (
				958E2037275524A5000EE6A3 /* storyboardtest */,
			);
		};
/* End PBXProject section */

/* Begin PBXResourcesBuildPhase section */
		958E2036275524A5000EE6A3 /* Resources */ = {
			isa = PBXResourcesBuildPhase;
			buildActionMask = 2147483647;
			files = (
				958E2048275524A7000EE6A3 /* LaunchScreen.storyboard in Resources */,
				958E2045275524A7000EE6A3 /* Assets.xcassets in Resources */,
				958E205427553000000EE6A3 /* anna2Storyboard.storyboard in Resources */,
				958E2052275525FC000EE6A3 /* AnnaStoryboard.storyboard in Resources */,
			);
			runOnlyForDeploymentPostprocessing = 0;
		};
/* End PBXResourcesBuildPhase section */

/* Begin PBXSourcesBuildPhase section */
		958E2034275524A5000EE6A3 /* Sources */ = {
			isa = PBXSourcesBuildPhase;
			buildActionMask = 2147483647;
			files = (
				958E203C275524A5000EE6A3 /* AppDelegate.swift in Sources */,
				958E205027552586000EE6A3 /* AnnaViewController.swift in Sources */,
				958E203E275524A5000EE6A3 /* SceneDelegate.swift in Sources */,
				958E205627553026000EE6A3 /* anna2ViewController.swift in Sources */,
			);
			runOnlyForDeploymentPostprocessing = 0;
		};
/* End PBXSourcesBuildPhase section */

/* Begin PBXVariantGroup section */
		958E2046275524A7000EE6A3 /* LaunchScreen.storyboard */ = {
			isa = PBXVariantGroup;
			children = (
				958E2047275524A7000EE6A3 /* Base */,
			);
			name = LaunchScreen.storyboard;
			sourceTree = "<group>";
		};
/* End PBXVariantGroup section */

/* Begin XCBuildConfiguration section */
		958E204A275524A7000EE6A3 /* Debug */ = {
			isa = XCBuildConfiguration;
			buildSettings = {
				ALWAYS_SEARCH_USER_PATHS = NO;
				CLANG_ANALYZER_NONNULL = YES;
				CLANG_ANALYZER_NUMBER_OBJECT_CONVERSION = YES_AGGRESSIVE;
				CLANG_CXX_LANGUAGE_STANDARD = "gnu++17";
				CLANG_CXX_LIBRARY = "libc++";
				CLANG_ENABLE_MODULES = YES;
				CLANG_ENABLE_OBJC_ARC = YES;
				CLANG_ENABLE_OBJC_WEAK = YES;
				CLANG_WARN_BLOCK_CAPTURE_AUTORELEASING = YES;
				CLANG_WARN_BOOL_CONVERSION = YES;
				CLANG_WARN_COMMA = YES;
				CLANG_WARN_CONSTANT_CONVERSION = YES;
				CLANG_WARN_DEPRECATED_OBJC_IMPLEMENTATIONS = YES;
				CLANG_WARN_DIRECT_OBJC_ISA_USAGE = YES_ERROR;
				CLANG_WARN_DOCUMENTATION_COMMENTS = YES;
				CLANG_WARN_EMPTY_BODY = YES;
				CLANG_WARN_ENUM_CONVERSION = YES;
				CLANG_WARN_INFINITE_RECURSION = YES;
				CLANG_WARN_INT_CONVERSION = YES;
				CLANG_WARN_NON_LITERAL_NULL_CONVERSION = YES;
				CLANG_WARN_OBJC_IMPLICIT_RETAIN_SELF = YES;
				CLANG_WARN_OBJC_LITERAL_CONVERSION = YES;
				CLANG_WARN_OBJC_ROOT_CLASS = YES_ERROR;
				CLANG_WARN_QUOTED_INCLUDE_IN_FRAMEWORK_HEADER = YES;
				CLANG_WARN_RANGE_LOOP_ANALYSIS = YES;
				CLANG_WARN_STRICT_PROTOTYPES = YES;
				CLANG_WARN_SUSPICIOUS_MOVE = YES;
				CLANG_WARN_UNGUARDED_AVAILABILITY = YES_AGGRESSIVE;
				CLANG_WARN_UNREACHABLE_CODE = YES;
				CLANG_WARN__DUPLICATE_METHOD_MATCH = YES;
				COPY_PHASE_STRIP = NO;
				DEBUG_INFORMATION_FORMAT = dwarf;
				ENABLE_STRICT_OBJC_MSGSEND = YES;
				ENABLE_TESTABILITY = YES;
				GCC_C_LANGUAGE_STANDARD = gnu11;
				GCC_DYNAMIC_NO_PIC = NO;
				GCC_NO_COMMON_BLOCKS = YES;
				GCC_OPTIMIZATION_LEVEL = 0;
				GCC_PREPROCESSOR_DEFINITIONS = (
					"DEBUG=1",
					"$(inherited)",
				);
				GCC_WARN_64_TO_32_BIT_CONVERSION = YES;
				GCC_WARN_ABOUT_RETURN_TYPE = YES_ERROR;
				GCC_WARN_UNDECLARED_SELECTOR = YES;
				GCC_WARN_UNINITIALIZED_AUTOS = YES_AGGRESSIVE;
				GCC_WARN_UNUSED_FUNCTION = YES;
				GCC_WARN_UNUSED_VARIABLE = YES;
				IPHONEOS_DEPLOYMENT_TARGET = 15.0;
				MTL_ENABLE_DEBUG_INFO = INCLUDE_SOURCE;
				MTL_FAST_MATH = YES;
				ONLY_ACTIVE_ARCH = YES;
				SDKROOT = iphoneos;
				SWIFT_ACTIVE_COMPILATION_CONDITIONS = DEBUG;
				SWIFT_OPTIMIZATION_LEVEL = "-Onone";
			};
			name = Debug;
		};
		958E204B275524A7000EE6A3 /* Release */ = {
			isa = XCBuildConfiguration;
			buildSettings = {
				ALWAYS_SEARCH_USER_PATHS = NO;
				CLANG_ANALYZER_NONNULL = YES;
				CLANG_ANALYZER_NUMBER_OBJECT_CONVERSION = YES_AGGRESSIVE;
				CLANG_CXX_LANGUAGE_STANDARD = "gnu++17";
				CLANG_CXX_LIBRARY = "libc++";
				CLANG_ENABLE_MODULES = YES;
				CLANG_ENABLE_OBJC_ARC = YES;
				CLANG_ENABLE_OBJC_WEAK = YES;
				CLANG_WARN_BLOCK_CAPTURE_AUTORELEASING = YES;
				CLANG_WARN_BOOL_CONVERSION = YES;
				CLANG_WARN_COMMA = YES;
				CLANG_WARN_CONSTANT_CONVERSION = YES;
				CLANG_WARN_DEPRECATED_OBJC_IMPLEMENTATIONS = YES;
				CLANG_WARN_DIRECT_OBJC_ISA_USAGE = YES_ERROR;
				CLANG_WARN_DOCUMENTATION_COMMENTS = YES;
				CLANG_WARN_EMPTY_BODY = YES;
				CLANG_WARN_ENUM_CONVERSION = YES;
				CLANG_WARN_INFINITE_RECURSION = YES;
				CLANG_WARN_INT_CONVERSION = YES;
				CLANG_WARN_NON_LITERAL_NULL_CONVERSION = YES;
				CLANG_WARN_OBJC_IMPLICIT_RETAIN_SELF = YES;
				CLANG_WARN_OBJC_LITERAL_CONVERSION = YES;
				CLANG_WARN_OBJC_ROOT_CLASS = YES_ERROR;
				CLANG_WARN_QUOTED_INCLUDE_IN_FRAMEWORK_HEADER = YES;
				CLANG_WARN_RANGE_LOOP_ANALYSIS = YES;
				CLANG_WARN_STRICT_PROTOTYPES = YES;
				CLANG_WARN_SUSPICIOUS_MOVE = YES;
				CLANG_WARN_UNGUARDED_AVAILABILITY = YES_AGGRESSIVE;
				CLANG_WARN_UNREACHABLE_CODE = YES;
				CLANG_WARN__DUPLICATE_METHOD_MATCH = YES;
				COPY_PHASE_STRIP = NO;
				DEBUG_INFORMATION_FORMAT = "dwarf-with-dsym";
				ENABLE_NS_ASSERTIONS = NO;
				ENABLE_STRICT_OBJC_MSGSEND = YES;
				GCC_C_LANGUAGE_STANDARD = gnu11;
				GCC_NO_COMMON_BLOCKS = YES;
				GCC_WARN_64_TO_32_BIT_CONVERSION = YES;
				GCC_WARN_ABOUT_RETURN_TYPE = YES_ERROR;
				GCC_WARN_UNDECLARED_SELECTOR = YES;
				GCC_WARN_UNINITIALIZED_AUTOS = YES_AGGRESSIVE;
				GCC_WARN_UNUSED_FUNCTION = YES;
				GCC_WARN_UNUSED_VARIABLE = YES;
				IPHONEOS_DEPLOYMENT_TARGET = 15.0;
				MTL_ENABLE_DEBUG_INFO = NO;
				MTL_FAST_MATH = YES;
				SDKROOT = iphoneos;
				SWIFT_COMPILATION_MODE = wholemodule;
				SWIFT_OPTIMIZATION_LEVEL = "-O";
				VALIDATE_PRODUCT = YES;
			};
			name = Release;
		};
		958E204D275524A7000EE6A3 /* Debug */ = {
			isa = XCBuildConfiguration;
			buildSettings = {
				ASSETCATALOG_COMPILER_APPICON_NAME = AppIcon;
				ASSETCATALOG_COMPILER_GLOBAL_ACCENT_COLOR_NAME = AccentColor;
				CODE_SIGN_STYLE = Automatic;
				CURRENT_PROJECT_VERSION = 1;
				GENERATE_INFOPLIST_FILE = YES;
				INFOPLIST_FILE = storyboardtest/Info.plist;
				INFOPLIST_KEY_UIApplicationSupportsIndirectInputEvents = YES;
				INFOPLIST_KEY_UILaunchStoryboardName = LaunchScreen;
				INFOPLIST_KEY_UIMainStoryboardFile = LaunchScreen;
				INFOPLIST_KEY_UISupportedInterfaceOrientations_iPad = "UIInterfaceOrientationPortrait UIInterfaceOrientationPortraitUpsideDown UIInterfaceOrientationLandscapeLeft UIInterfaceOrientationLandscapeRight";
				INFOPLIST_KEY_UISupportedInterfaceOrientations_iPhone = "UIInterfaceOrientationPortrait UIInterfaceOrientationLandscapeLeft UIInterfaceOrientationLandscapeRight";
				LD_RUNPATH_SEARCH_PATHS = (
					"$(inherited)",
					"@executable_path/Frameworks",
				);
				MARKETING_VERSION = 1.0;
				PRODUCT_BUNDLE_IDENTIFIER = "com.devvv-iosss.storyboardtest";
				PRODUCT_NAME = "$(TARGET_NAME)";
				SWIFT_EMIT_LOC_STRINGS = YES;
				SWIFT_VERSION = 5.0;
				TARGETED_DEVICE_FAMILY = 1;
			};
			name = Debug;
		};
		958E204E275524A7000EE6A3 /* Release */ = {
			isa = XCBuildConfiguration;
			buildSettings = {
				ASSETCATALOG_COMPILER_APPICON_NAME = AppIcon;
				ASSETCATALOG_COMPILER_GLOBAL_ACCENT_COLOR_NAME = AccentColor;
				CODE_SIGN_STYLE = Automatic;
				CURRENT_PROJECT_VERSION = 1;
				GENERATE_INFOPLIST_FILE = YES;
				INFOPLIST_FILE = storyboardtest/Info.plist;
				INFOPLIST_KEY_UIApplicationSupportsIndirectInputEvents = YES;
				INFOPLIST_KEY_UILaunchStoryboardName = LaunchScreen;
				INFOPLIST_KEY_UIMainStoryboardFile = LaunchScreen;
				INFOPLIST_KEY_UISupportedInterfaceOrientations_iPad = "UIInterfaceOrientationPortrait UIInterfaceOrientationPortraitUpsideDown UIInterfaceOrientationLandscapeLeft UIInterfaceOrientationLandscapeRight";
				INFOPLIST_KEY_UISupportedInterfaceOrientations_iPhone = "UIInterfaceOrientationPortrait UIInterfaceOrientationLandscapeLeft UIInterfaceOrientationLandscapeRight";
				LD_RUNPATH_SEARCH_PATHS = (
					"$(inherited)",
					"@executable_path/Frameworks",
				);
				MARKETING_VERSION = 1.0;
				PRODUCT_BUNDLE_IDENTIFIER = "com.devvv-iosss.storyboardtest";
				PRODUCT_NAME = "$(TARGET_NAME)";
				SWIFT_EMIT_LOC_STRINGS = YES;
				SWIFT_VERSION = 5.0;
				TARGETED_DEVICE_FAMILY = 1;
			};
			name = Release;
		};
/* End XCBuildConfiguration section */

/* Begin XCConfigurationList section */
		958E2033275524A4000EE6A3 /* Build configuration list for PBXProject "storyboardtest" */ = {
			isa = XCConfigurationList;
			buildConfigurations = (
				958E204A275524A7000EE6A3 /* Debug */,
				958E204B275524A7000EE6A3 /* Release */,
			);
			defaultConfigurationIsVisible = 0;
			defaultConfigurationName = Release;
		};
		958E204C275524A7000EE6A3 /* Build configuration list for PBXNativeTarget "storyboardtest" */ = {
			isa = XCConfigurationList;
			buildConfigurations = (
				958E204D275524A7000EE6A3 /* Debug */,
				958E204E275524A7000EE6A3 /* Release */,
			);
			defaultConfigurationIsVisible = 0;
			defaultConfigurationName = Release;
		};
/* End XCConfigurationList section */
	};
	rootObject = 958E2030275524A4000EE6A3 /* Project object */;
}
